{
  "originHash" : "101ae14f5238bd72ee67eea541b7625e08dc4831b5babb5f61484c13b1376eb6",
  "pins" : [
    {
      "identity" : "ios_foodlenscoresdk",
      "kind" : "remoteSourceControl",
      "location" : "https://bitbucket.org/doing-lab/ios_foodlenscoresdk",
      "state" : {
        "revision" : "5ed7d1f40b806dea5accb1856b9f152a701566e9",
        "version" : "3.4.0"
      }
    },
    {
      "identity" : "ios_foodlensuisdk",
      "kind" : "remoteSourceControl",
      "location" : "https://bitbucket.org/doing-lab/ios_foodlensuisdk.git",
      "state" : {
        "revision" : "5dcb685431c9eaa4e67d18b17ee38d22d5bb62dd",
        "version" : "3.4.0"
      }
    }
  ],
  "version" : 3
}
