{
  "originHash" : "101ae14f5238bd72ee67eea541b7625e08dc4831b5babb5f61484c13b1376eb6",
  "pins" : [
    {
      "identity" : "ios_foodlenscoresdk",
      "kind" : "remoteSourceControl",
      "location" : "https://bitbucket.org/doing-lab/ios_foodlenscoresdk",
      "state" : {
        "revision" : "0cbed819cd6555a4a9d9917a2ba1d0d37a8389ba",
        "version" : "3.4.1"
      }
    },
    {
      "identity" : "ios_foodlensuisdk",
      "kind" : "remoteSourceControl",
      "location" : "https://bitbucket.org/doing-lab/ios_foodlensuisdk.git",
      "state" : {
        "revision" : "286de3c807e53051e6445b2e6108243912bcdcb2",
        "version" : "3.4.1"
      }
    }
  ],
  "version" : 3
}
