{
  "originHash" : "101ae14f5238bd72ee67eea541b7625e08dc4831b5babb5f61484c13b1376eb6",
  "pins" : [
    {
      "identity" : "ios_foodlenscoresdk",
      "kind" : "remoteSourceControl",
      "location" : "https://bitbucket.org/doing-lab/ios_foodlenscoresdk",
      "state" : {
        "revision" : "0ae0ee298ec2a17eb9e8d62972cd532ca1ef7afa",
        "version" : "3.0.2"
      }
    },
    {
      "identity" : "ios_foodlensuisdk",
      "kind" : "remoteSourceControl",
      "location" : "https://bitbucket.org/doing-lab/ios_foodlensuisdk.git",
      "state" : {
        "revision" : "2be6c5dcb18319ac3e44bec8d736b80b5b9b970c",
        "version" : "3.0.2"
      }
    }
  ],
  "version" : 3
}
